
Microsoft Visual Studio Solution File, Format Version 12.00
# Visual Studio Version 17
VisualStudioVersion = 17.3.32929.385
MinimumVisualStudioVersion = 10.0.40219.1
Project("{2150E333-8FDC-42A3-9474-1A3956D46DE8}") = "Front", "Front", "{0FA985FA-44BF-45A2-A64F-88F5108BA65D}"
EndProject
Project("{FAE04EC0-301F-11D3-BF4B-00C04F79EFBC}") = "Mango.Web", "Mango.Web\Mango.Web.csproj", "{930DAEE1-2E01-487C-898E-DEB7479DED70}"
EndProject
Project("{2150E333-8FDC-42A3-9474-1A3956D46DE8}") = "Services", "Services", "{C258EBB1-D695-4657-B133-5B78D9DCC448}"
EndProject
Project("{FAE04EC0-301F-11D3-BF4B-00C04F79EFBC}") = "Mango.Services.ProductAPI", "Mango.Services.ProductAPI\Mango.Services.ProductAPI.csproj", "{CC3CEBA2-076E-4556-8DC7-F5AC564FE8AB}"
EndProject
Global
	GlobalSection(SolutionConfigurationPlatforms) = preSolution
		Debug|Any CPU = Debug|Any CPU
		Release|Any CPU = Release|Any CPU
	EndGlobalSection
	GlobalSection(ProjectConfigurationPlatforms) = postSolution
		{930DAEE1-2E01-487C-898E-DEB7479DED70}.Debug|Any CPU.ActiveCfg = Debug|Any CPU
		{930DAEE1-2E01-487C-898E-DEB7479DED70}.Debug|Any CPU.Build.0 = Debug|Any CPU
		{930DAEE1-2E01-487C-898E-DEB7479DED70}.Release|Any CPU.ActiveCfg = Release|Any CPU
		{930DAEE1-2E01-487C-898E-DEB7479DED70}.Release|Any CPU.Build.0 = Release|Any CPU
		{CC3CEBA2-076E-4556-8DC7-F5AC564FE8AB}.Debug|Any CPU.ActiveCfg = Debug|Any CPU
		{CC3CEBA2-076E-4556-8DC7-F5AC564FE8AB}.Debug|Any CPU.Build.0 = Debug|Any CPU
		{CC3CEBA2-076E-4556-8DC7-F5AC564FE8AB}.Release|Any CPU.ActiveCfg = Release|Any CPU
		{CC3CEBA2-076E-4556-8DC7-F5AC564FE8AB}.Release|Any CPU.Build.0 = Release|Any CPU
	EndGlobalSection
	GlobalSection(SolutionProperties) = preSolution
		HideSolutionNode = FALSE
	EndGlobalSection
	GlobalSection(NestedProjects) = preSolution
		{930DAEE1-2E01-487C-898E-DEB7479DED70} = {0FA985FA-44BF-45A2-A64F-88F5108BA65D}
		{CC3CEBA2-076E-4556-8DC7-F5AC564FE8AB} = {C258EBB1-D695-4657-B133-5B78D9DCC448}
	EndGlobalSection
	GlobalSection(ExtensibilityGlobals) = postSolution
		SolutionGuid = {FF6981D4-CF48-4EAC-94CA-ED4BFDB384F5}
	EndGlobalSection
EndGlobal
